
Microsoft Visual Studio Solution File, Format Version 12.00
# Visual Studio Version 17
VisualStudioVersion = 17.10.35122.118
MinimumVisualStudioVersion = 10.0.40219.1
Project("{FAE04EC0-301F-11D3-BF4B-00C04F79EFBC}") = "BuildingShopFront", "BuildingShopFront.csproj", "{A934E40D-6E4A-4B78-BD27-6DF17DD18C44}"
EndProject
Global
	GlobalSection(SolutionConfigurationPlatforms) = preSolution
		Debug|Any CPU = Debug|Any CPU
		Release|Any CPU = Release|Any CPU
	EndGlobalSection
	GlobalSection(ProjectConfigurationPlatforms) = postSolution
		{A934E40D-6E4A-4B78-BD27-6DF17DD18C44}.Debug|Any CPU.ActiveCfg = Debug|Any CPU
		{A934E40D-6E4A-4B78-BD27-6DF17DD18C44}.Debug|Any CPU.Build.0 = Debug|Any CPU
		{A934E40D-6E4A-4B78-BD27-6DF17DD18C44}.Release|Any CPU.ActiveCfg = Release|Any CPU
		{A934E40D-6E4A-4B78-BD27-6DF17DD18C44}.Release|Any CPU.Build.0 = Release|Any CPU
	EndGlobalSection
	GlobalSection(SolutionProperties) = preSolution
		HideSolutionNode = FALSE
	EndGlobalSection
	GlobalSection(ExtensibilityGlobals) = postSolution
		SolutionGuid = {D2207A17-46DD-45F5-8943-4F3695F84F62}
	EndGlobalSection
EndGlobal
